GEM
  remote: https://rubygems.org/
  specs:
    asciidoctor (2.0.26)
    asciidoctor-revealjs (5.2.0)
      asciidoctor (>= 2.0.0, < 3.0.0)
    logger (1.7.0)

PLATFORMS
  ruby
  x86_64-linux

DEPENDENCIES
  asciidoctor-revealjs
  logger

CHECKSUMS
  asciidoctor (2.0.26) sha256=16e3accf1fc206bbd6335848649d7fd65f31d2daa60d85af13d47a8ee4b071c1
  asciidoctor-revealjs (5.2.0) sha256=3504a5e7eaf2c91de37f96189314ffb1e6bf94dad9d646d5c9a24c6691bf6ae2
  logger (1.7.0) sha256=196edec7cc44b66cfb40f9755ce11b392f21f7967696af15d274dde7edff0203

BUNDLED WITH
  4.0.3
